
Microsoft Visual Studio Solution File, Format Version 12.00
# Visual Studio 2013
VisualStudioVersion = 12.0.30723.0
MinimumVisualStudioVersion = 10.0.40219.1
Project("{FAE04EC0-301F-11D3-BF4B-00C04F79EFBC}") = "Loreal_Profesional", "Loreal_Profesional\Loreal_Profesional.csproj", "{509F1C6B-110E-456B-8030-E199E80DF360}"
EndProject
Project("{FAE04EC0-301F-11D3-BF4B-00C04F79EFBC}") = "CapaDatos_LorealPro", "CapaDatos_LorealPro\CapaDatos_LorealPro.csproj", "{3A24DF43-F113-439D-A5A9-9A32394365CE}"
EndProject
Global
	GlobalSection(SolutionConfigurationPlatforms) = preSolution
		Debug|Any CPU = Debug|Any CPU
		Release|Any CPU = Release|Any CPU
	EndGlobalSection
	GlobalSection(ProjectConfigurationPlatforms) = postSolution
		{509F1C6B-110E-456B-8030-E199E80DF360}.Debug|Any CPU.ActiveCfg = Debug|Any CPU
		{509F1C6B-110E-456B-8030-E199E80DF360}.Debug|Any CPU.Build.0 = Debug|Any CPU
		{509F1C6B-110E-456B-8030-E199E80DF360}.Release|Any CPU.ActiveCfg = Release|Any CPU
		{509F1C6B-110E-456B-8030-E199E80DF360}.Release|Any CPU.Build.0 = Release|Any CPU
		{3A24DF43-F113-439D-A5A9-9A32394365CE}.Debug|Any CPU.ActiveCfg = Debug|Any CPU
		{3A24DF43-F113-439D-A5A9-9A32394365CE}.Debug|Any CPU.Build.0 = Debug|Any CPU
		{3A24DF43-F113-439D-A5A9-9A32394365CE}.Release|Any CPU.ActiveCfg = Release|Any CPU
		{3A24DF43-F113-439D-A5A9-9A32394365CE}.Release|Any CPU.Build.0 = Release|Any CPU
	EndGlobalSection
	GlobalSection(SolutionProperties) = preSolution
		HideSolutionNode = FALSE
	EndGlobalSection
EndGlobal
